// !$*UTF8*$!
{
	archiveVersion = 1;
	classes = {
	};
	objectVersion = 56;
	objects = {

/* Begin PBXBuildFile section */
		CE86C3202B64E7BA000820F3 /* AppDelegate.swift in Sources */ = {isa = PBXBuildFile; fileRef = CE86C31F2B64E7BA000820F3 /* AppDelegate.swift */; };
		CE86C3222B64E7BA000820F3 /* SceneDelegate.swift in Sources */ = {isa = PBXBuildFile; fileRef = CE86C3212B64E7BA000820F3 /* SceneDelegate.swift */; };
		CE86C3242B64E7BA000820F3 /* ViewController.swift in Sources */ = {isa = PBXBuildFile; fileRef = CE86C3232B64E7BA000820F3 /* ViewController.swift */; };
		CE86C3272B64E7BA000820F3 /* Main.storyboard in Resources */ = {isa = PBXBuildFile; fileRef = CE86C3252B64E7BA000820F3 /* Main.storyboard */; };
		CE86C32A2B64E7BA000820F3 /* Notepad.xcdatamodeld in Sources */ = {isa = PBXBuildFile; fileRef = CE86C3282B64E7BA000820F3 /* Notepad.xcdatamodeld */; };
		CE86C32C2B64E7C0000820F3 /* Assets.xcassets in Resources */ = {isa = PBXBuildFile; fileRef = CE86C32B2B64E7C0000820F3 /* Assets.xcassets */; };
		CE86C32F2B64E7C0000820F3 /* LaunchScreen.storyboard in Resources */ = {isa = PBXBuildFile; fileRef = CE86C32D2B64E7C0000820F3 /* LaunchScreen.storyboard */; };
		CE86C33A2B64E7C0000820F3 /* NotepadTests.swift in Sources */ = {isa = PBXBuildFile; fileRef = CE86C3392B64E7C0000820F3 /* NotepadTests.swift */; };
		CE86C3442B64E7C0000820F3 /* NotepadUITests.swift in Sources */ = {isa = PBXBuildFile; fileRef = CE86C3432B64E7C0000820F3 /* NotepadUITests.swift */; };
		CE86C3462B64E7C0000820F3 /* NotepadUITestsLaunchTests.swift in Sources */ = {isa = PBXBuildFile; fileRef = CE86C3452B64E7C0000820F3 /* NotepadUITestsLaunchTests.swift */; };
/* End PBXBuildFile section */

/* Begin PBXContainerItemProxy section */
		CE86C3362B64E7C0000820F3 /* PBXContainerItemProxy */ = {
			isa = PBXContainerItemProxy;
			containerPortal = CE86C3142B64E7BA000820F3 /* Project object */;
			proxyType = 1;
			remoteGlobalIDString = CE86C31B2B64E7BA000820F3;
			remoteInfo = Notepad;
		};
		CE86C3402B64E7C0000820F3 /* PBXContainerItemProxy */ = {
			isa = PBXContainerItemProxy;
			containerPortal = CE86C3142B64E7BA000820F3 /* Project object */;
			proxyType = 1;
			remoteGlobalIDString = CE86C31B2B64E7BA000820F3;
			remoteInfo = Notepad;
		};
/* End PBXContainerItemProxy section */

/* Begin PBXFileReference section */
		CE86C31C2B64E7BA000820F3 /* Notepad.app */ = {isa = PBXFileReference; explicitFileType = wrapper.application; includeInIndex = 0; path = Notepad.app; sourceTree = BUILT_PRODUCTS_DIR; };
		CE86C31F2B64E7BA000820F3 /* AppDelegate.swift */ = {isa = PBXFileReference; lastKnownFileType = sourcecode.swift; path = AppDelegate.swift; sourceTree = "<group>"; };
		CE86C3212B64E7BA000820F3 /* SceneDelegate.swift */ = {isa = PBXFileReference; lastKnownFileType = sourcecode.swift; path = SceneDelegate.swift; sourceTree = "<group>"; };
		CE86C3232B64E7BA000820F3 /* ViewController.swift */ = {isa = PBXFileReference; lastKnownFileType = sourcecode.swift; path = ViewController.swift; sourceTree = "<group>"; };
		CE86C3262B64E7BA000820F3 /* Base */ = {isa = PBXFileReference; lastKnownFileType = file.storyboard; name = Base; path = Base.lproj/Main.storyboard; sourceTree = "<group>"; };
		CE86C3292B64E7BA000820F3 /* Notepad.xcdatamodel */ = {isa = PBXFileReference; lastKnownFileType = wrapper.xcdatamodel; path = Notepad.xcdatamodel; sourceTree = "<group>"; };
		CE86C32B2B64E7C0000820F3 /* Assets.xcassets */ = {isa = PBXFileReference; lastKnownFileType = folder.assetcatalog; path = Assets.xcassets; sourceTree = "<group>"; };
		CE86C32E2B64E7C0000820F3 /* Base */ = {isa = PBXFileReference; lastKnownFileType = file.storyboard; name = Base; path = Base.lproj/LaunchScreen.storyboard; sourceTree = "<group>"; };
		CE86C3302B64E7C0000820F3 /* Info.plist */ = {isa = PBXFileReference; lastKnownFileType = text.plist.xml; path = Info.plist; sourceTree = "<group>"; };
		CE86C3352B64E7C0000820F3 /* NotepadTests.xctest */ = {isa = PBXFileReference; explicitFileType = wrapper.cfbundle; includeInIndex = 0; path = NotepadTests.xctest; sourceTree = BUILT_PRODUCTS_DIR; };
		CE86C3392B64E7C0000820F3 /* NotepadTests.swift */ = {isa = PBXFileReference; lastKnownFileType = sourcecode.swift; path = NotepadTests.swift; sourceTree = "<group>"; };
		CE86C33F2B64E7C0000820F3 /* NotepadUITests.xctest */ = {isa = PBXFileReference; explicitFileType = wrapper.cfbundle; includeInIndex = 0; path = NotepadUITests.xctest; sourceTree = BUILT_PRODUCTS_DIR; };
		CE86C3432B64E7C0000820F3 /* NotepadUITests.swift */ = {isa = PBXFileReference; lastKnownFileType = sourcecode.swift; path = NotepadUITests.swift; sourceTree = "<group>"; };
		CE86C3452B64E7C0000820F3 /* NotepadUITestsLaunchTests.swift */ = {isa = PBXFileReference; lastKnownFileType = sourcecode.swift; path = NotepadUITestsLaunchTests.swift; sourceTree = "<group>"; };
/* End PBXFileReference section */

/* Begin PBXFrameworksBuildPhase section */
		CE86C3192B64E7BA000820F3 /* Frameworks */ = {
			isa = PBXFrameworksBuildPhase;
			buildActionMask = 2147483647;
			files = (
			);
			runOnlyForDeploymentPostprocessing = 0;
		};
		CE86C3322B64E7C0000820F3 /* Frameworks */ = {
			isa = PBXFrameworksBuildPhase;
			buildActionMask = 2147483647;
			files = (
			);
			runOnlyForDeploymentPostprocessing = 0;
		};
		CE86C33C2B64E7C0000820F3 /* Frameworks */ = {
			isa = PBXFrameworksBuildPhase;
			buildActionMask = 2147483647;
			files = (
			);
			runOnlyForDeploymentPostprocessing = 0;
		};
/* End PBXFrameworksBuildPhase section */

/* Begin PBXGroup section */
		CE86C3132B64E7BA000820F3 = {
			isa = PBXGroup;
			children = (
				CE86C31E2B64E7BA000820F3 /* Notepad */,
				CE86C3382B64E7C0000820F3 /* NotepadTests */,
				CE86C3422B64E7C0000820F3 /* NotepadUITests */,
				CE86C31D2B64E7BA000820F3 /* Products */,
			);
			sourceTree = "<group>";
		};
		CE86C31D2B64E7BA000820F3 /* Products */ = {
			isa = PBXGroup;
			children = (
				CE86C31C2B64E7BA000820F3 /* Notepad.app */,
				CE86C3352B64E7C0000820F3 /* NotepadTests.xctest */,
				CE86C33F2B64E7C0000820F3 /* NotepadUITests.xctest */,
			);
			name = Products;
			sourceTree = "<group>";
		};
		CE86C31E2B64E7BA000820F3 /* Notepad */ = {
			isa = PBXGroup;
			children = (
				CE86C31F2B64E7BA000820F3 /* AppDelegate.swift */,
				CE86C3212B64E7BA000820F3 /* SceneDelegate.swift */,
				CE86C3232B64E7BA000820F3 /* ViewController.swift */,
				CE86C3252B64E7BA000820F3 /* Main.storyboard */,
				CE86C32B2B64E7C0000820F3 /* Assets.xcassets */,
				CE86C32D2B64E7C0000820F3 /* LaunchScreen.storyboard */,
				CE86C3302B64E7C0000820F3 /* Info.plist */,
				CE86C3282B64E7BA000820F3 /* Notepad.xcdatamodeld */,
			);
			path = Notepad;
			sourceTree = "<group>";
		};
		CE86C3382B64E7C0000820F3 /* NotepadTests */ = {
			isa = PBXGroup;
			children = (
				CE86C3392B64E7C0000820F3 /* NotepadTests.swift */,
			);
			path = NotepadTests;
			sourceTree = "<group>";
		};
		CE86C3422B64E7C0000820F3 /* NotepadUITests */ = {
			isa = PBXGroup;
			children = (
				CE86C3432B64E7C0000820F3 /* NotepadUITests.swift */,
				CE86C3452B64E7C0000820F3 /* NotepadUITestsLaunchTests.swift */,
			);
			path = NotepadUITests;
			sourceTree = "<group>";
		};
/* End PBXGroup section */

/* Begin PBXNativeTarget section */
		CE86C31B2B64E7BA000820F3 /* Notepad */ = {
			isa = PBXNativeTarget;
			buildConfigurationList = CE86C3492B64E7C0000820F3 /* Build configuration list for PBXNativeTarget "Notepad" */;
			buildPhases = (
				CE86C3182B64E7BA000820F3 /* Sources */,
				CE86C3192B64E7BA000820F3 /* Frameworks */,
				CE86C31A2B64E7BA000820F3 /* Resources */,
			);
			buildRules = (
			);
			dependencies = (
			);
			name = Notepad;
			productName = Notepad;
			productReference = CE86C31C2B64E7BA000820F3 /* Notepad.app */;
			productType = "com.apple.product-type.application";
		};
		CE86C3342B64E7C0000820F3 /* NotepadTests */ = {
			isa = PBXNativeTarget;
			buildConfigurationList = CE86C34C2B64E7C0000820F3 /* Build configuration list for PBXNativeTarget "NotepadTests" */;
			buildPhases = (
				CE86C3312B64E7C0000820F3 /* Sources */,
				CE86C3322B64E7C0000820F3 /* Frameworks */,
				CE86C3332B64E7C0000820F3 /* Resources */,
			);
			buildRules = (
			);
			dependencies = (
				CE86C3372B64E7C0000820F3 /* PBXTargetDependency */,
			);
			name = NotepadTests;
			productName = NotepadTests;
			productReference = CE86C3352B64E7C0000820F3 /* NotepadTests.xctest */;
			productType = "com.apple.product-type.bundle.unit-test";
		};
		CE86C33E2B64E7C0000820F3 /* NotepadUITests */ = {
			isa = PBXNativeTarget;
			buildConfigurationList = CE86C34F2B64E7C0000820F3 /* Build configuration list for PBXNativeTarget "NotepadUITests" */;
			buildPhases = (
				CE86C33B2B64E7C0000820F3 /* Sources */,
				CE86C33C2B64E7C0000820F3 /* Frameworks */,
				CE86C33D2B64E7C0000820F3 /* Resources */,
			);
			buildRules = (
			);
			dependencies = (
				CE86C3412B64E7C0000820F3 /* PBXTargetDependency */,
			);
			name = NotepadUITests;
			productName = NotepadUITests;
			productReference = CE86C33F2B64E7C0000820F3 /* NotepadUITests.xctest */;
			productType = "com.apple.product-type.bundle.ui-testing";
		};
/* End PBXNativeTarget section */

/* Begin PBXProject section */
		CE86C3142B64E7BA000820F3 /* Project object */ = {
			isa = PBXProject;
			attributes = {
				BuildIndependentTargetsInParallel = 1;
				LastSwiftUpdateCheck = 1500;
				LastUpgradeCheck = 1500;
				TargetAttributes = {
					CE86C31B2B64E7BA000820F3 = {
						CreatedOnToolsVersion = 15.0.1;
					};
					CE86C3342B64E7C0000820F3 = {
						CreatedOnToolsVersion = 15.0.1;
						TestTargetID = CE86C31B2B64E7BA000820F3;
					};
					CE86C33E2B64E7C0000820F3 = {
						CreatedOnToolsVersion = 15.0.1;
						TestTargetID = CE86C31B2B64E7BA000820F3;
					};
				};
			};
			buildConfigurationList = CE86C3172B64E7BA000820F3 /* Build configuration list for PBXProject "Notepad" */;
			compatibilityVersion = "Xcode 14.0";
			developmentRegion = en;
			hasScannedForEncodings = 0;
			knownRegions = (
				en,
				Base,
			);
			mainGroup = CE86C3132B64E7BA000820F3;
			productRefGroup = CE86C31D2B64E7BA000820F3 /* Products */;
			projectDirPath = "";
			projectRoot = "";
			targets = (
				CE86C31B2B64E7BA000820F3 /* Notepad */,
				CE86C3342B64E7C0000820F3 /* NotepadTests */,
				CE86C33E2B64E7C0000820F3 /* NotepadUITests */,
			);
		};
/* End PBXProject section */

/* Begin PBXResourcesBuildPhase section */
		CE86C31A2B64E7BA000820F3 /* Resources */ = {
			isa = PBXResourcesBuildPhase;
			buildActionMask = 2147483647;
			files = (
				CE86C32F2B64E7C0000820F3 /* LaunchScreen.storyboard in Resources */,
				CE86C32C2B64E7C0000820F3 /* Assets.xcassets in Resources */,
				CE86C3272B64E7BA000820F3 /* Main.storyboard in Resources */,
			);
			runOnlyForDeploymentPostprocessing = 0;
		};
		CE86C3332B64E7C0000820F3 /* Resources */ = {
			isa = PBXResourcesBuildPhase;
			buildActionMask = 2147483647;
			files = (
			);
			runOnlyForDeploymentPostprocessing = 0;
		};
		CE86C33D2B64E7C0000820F3 /* Resources */ = {
			isa = PBXResourcesBuildPhase;
			buildActionMask = 2147483647;
			files = (
			);
			runOnlyForDeploymentPostprocessing = 0;
		};
/* End PBXResourcesBuildPhase section */

/* Begin PBXSourcesBuildPhase section */
		CE86C3182B64E7BA000820F3 /* Sources */ = {
			isa = PBXSourcesBuildPhase;
			buildActionMask = 2147483647;
			files = (
				CE86C3242B64E7BA000820F3 /* ViewController.swift in Sources */,
				CE86C3202B64E7BA000820F3 /* AppDelegate.swift in Sources */,
				CE86C3222B64E7BA000820F3 /* SceneDelegate.swift in Sources */,
				CE86C32A2B64E7BA000820F3 /* Notepad.xcdatamodeld in Sources */,
			);
			runOnlyForDeploymentPostprocessing = 0;
		};
		CE86C3312B64E7C0000820F3 /* Sources */ = {
			isa = PBXSourcesBuildPhase;
			buildActionMask = 2147483647;
			files = (
				CE86C33A2B64E7C0000820F3 /* NotepadTests.swift in Sources */,
			);
			runOnlyForDeploymentPostprocessing = 0;
		};
		CE86C33B2B64E7C0000820F3 /* Sources */ = {
			isa = PBXSourcesBuildPhase;
			buildActionMask = 2147483647;
			files = (
				CE86C3462B64E7C0000820F3 /* NotepadUITestsLaunchTests.swift in Sources */,
				CE86C3442B64E7C0000820F3 /* NotepadUITests.swift in Sources */,
			);
			runOnlyForDeploymentPostprocessing = 0;
		};
/* End PBXSourcesBuildPhase section */

/* Begin PBXTargetDependency section */
		CE86C3372B64E7C0000820F3 /* PBXTargetDependency */ = {
			isa = PBXTargetDependency;
			target = CE86C31B2B64E7BA000820F3 /* Notepad */;
			targetProxy = CE86C3362B64E7C0000820F3 /* PBXContainerItemProxy */;
		};
		CE86C3412B64E7C0000820F3 /* PBXTargetDependency */ = {
			isa = PBXTargetDependency;
			target = CE86C31B2B64E7BA000820F3 /* Notepad */;
			targetProxy = CE86C3402B64E7C0000820F3 /* PBXContainerItemProxy */;
		};
/* End PBXTargetDependency section */

/* Begin PBXVariantGroup section */
		CE86C3252B64E7BA000820F3 /* Main.storyboard */ = {
			isa = PBXVariantGroup;
			children = (
				CE86C3262B64E7BA000820F3 /* Base */,
			);
			name = Main.storyboard;
			sourceTree = "<group>";
		};
		CE86C32D2B64E7C0000820F3 /* LaunchScreen.storyboard */ = {
			isa = PBXVariantGroup;
			children = (
				CE86C32E2B64E7C0000820F3 /* Base */,
			);
			name = LaunchScreen.storyboard;
			sourceTree = "<group>";
		};
/* End PBXVariantGroup section */

/* Begin XCBuildConfiguration section */
		CE86C3472B64E7C0000820F3 /* Debug */ = {
			isa = XCBuildConfiguration;
			buildSettings = {
				ALWAYS_SEARCH_USER_PATHS = NO;
				ASSETCATALOG_COMPILER_GENERATE_SWIFT_ASSET_SYMBOL_EXTENSIONS = YES;
				CLANG_ANALYZER_NONNULL = YES;
				CLANG_ANALYZER_NUMBER_OBJECT_CONVERSION = YES_AGGRESSIVE;
				CLANG_CXX_LANGUAGE_STANDARD = "gnu++20";
				CLANG_ENABLE_MODULES = YES;
				CLANG_ENABLE_OBJC_ARC = YES;
				CLANG_ENABLE_OBJC_WEAK = YES;
				CLANG_WARN_BLOCK_CAPTURE_AUTORELEASING = YES;
				CLANG_WARN_BOOL_CONVERSION = YES;
				CLANG_WARN_COMMA = YES;
				CLANG_WARN_CONSTANT_CONVERSION = YES;
				CLANG_WARN_DEPRECATED_OBJC_IMPLEMENTATIONS = YES;
				CLANG_WARN_DIRECT_OBJC_ISA_USAGE = YES_ERROR;
				CLANG_WARN_DOCUMENTATION_COMMENTS = YES;
				CLANG_WARN_EMPTY_BODY = YES;
				CLANG_WARN_ENUM_CONVERSION = YES;
				CLANG_WARN_INFINITE_RECURSION = YES;
				CLANG_WARN_INT_CONVERSION = YES;
				CLANG_WARN_NON_LITERAL_NULL_CONVERSION = YES;
				CLANG_WARN_OBJC_IMPLICIT_RETAIN_SELF = YES;
				CLANG_WARN_OBJC_LITERAL_CONVERSION = YES;
				CLANG_WARN_OBJC_ROOT_CLASS = YES_ERROR;
				CLANG_WARN_QUOTED_INCLUDE_IN_FRAMEWORK_HEADER = YES;
				CLANG_WARN_RANGE_LOOP_ANALYSIS = YES;
				CLANG_WARN_STRICT_PROTOTYPES = YES;
				CLANG_WARN_SUSPICIOUS_MOVE = YES;
				CLANG_WARN_UNGUARDED_AVAILABILITY = YES_AGGRESSIVE;
				CLANG_WARN_UNREACHABLE_CODE = YES;
				CLANG_WARN__DUPLICATE_METHOD_MATCH = YES;
				COPY_PHASE_STRIP = NO;
				DEBUG_INFORMATION_FORMAT = dwarf;
				ENABLE_STRICT_OBJC_MSGSEND = YES;
				ENABLE_TESTABILITY = YES;
				ENABLE_USER_SCRIPT_SANDBOXING = YES;
				GCC_C_LANGUAGE_STANDARD = gnu17;
				GCC_DYNAMIC_NO_PIC = NO;
				GCC_NO_COMMON_BLOCKS = YES;
				GCC_OPTIMIZATION_LEVEL = 0;
				GCC_PREPROCESSOR_DEFINITIONS = (
					"DEBUG=1",
					"$(inherited)",
				);
				GCC_WARN_64_TO_32_BIT_CONVERSION = YES;
				GCC_WARN_ABOUT_RETURN_TYPE = YES_ERROR;
				GCC_WARN_UNDECLARED_SELECTOR = YES;
				GCC_WARN_UNINITIALIZED_AUTOS = YES_AGGRESSIVE;
				GCC_WARN_UNUSED_FUNCTION = YES;
				GCC_WARN_UNUSED_VARIABLE = YES;
				IPHONEOS_DEPLOYMENT_TARGET = 17.0;
				LOCALIZATION_PREFERS_STRING_CATALOGS = YES;
				MTL_ENABLE_DEBUG_INFO = INCLUDE_SOURCE;
				MTL_FAST_MATH = YES;
				ONLY_ACTIVE_ARCH = YES;
				SDKROOT = iphoneos;
				SWIFT_ACTIVE_COMPILATION_CONDITIONS = "DEBUG $(inherited)";
				SWIFT_OPTIMIZATION_LEVEL = "-Onone";
			};
			name = Debug;
		};
		CE86C3482B64E7C0000820F3 /* Release */ = {
			isa = XCBuildConfiguration;
			buildSettings = {
				ALWAYS_SEARCH_USER_PATHS = NO;
				ASSETCATALOG_COMPILER_GENERATE_SWIFT_ASSET_SYMBOL_EXTENSIONS = YES;
				CLANG_ANALYZER_NONNULL = YES;
				CLANG_ANALYZER_NUMBER_OBJECT_CONVERSION = YES_AGGRESSIVE;
				CLANG_CXX_LANGUAGE_STANDARD = "gnu++20";
				CLANG_ENABLE_MODULES = YES;
				CLANG_ENABLE_OBJC_ARC = YES;
				CLANG_ENABLE_OBJC_WEAK = YES;
				CLANG_WARN_BLOCK_CAPTURE_AUTORELEASING = YES;
				CLANG_WARN_BOOL_CONVERSION = YES;
				CLANG_WARN_COMMA = YES;
				CLANG_WARN_CONSTANT_CONVERSION = YES;
				CLANG_WARN_DEPRECATED_OBJC_IMPLEMENTATIONS = YES;
				CLANG_WARN_DIRECT_OBJC_ISA_USAGE = YES_ERROR;
				CLANG_WARN_DOCUMENTATION_COMMENTS = YES;
				CLANG_WARN_EMPTY_BODY = YES;
				CLANG_WARN_ENUM_CONVERSION = YES;
				CLANG_WARN_INFINITE_RECURSION = YES;
				CLANG_WARN_INT_CONVERSION = YES;
				CLANG_WARN_NON_LITERAL_NULL_CONVERSION = YES;
				CLANG_WARN_OBJC_IMPLICIT_RETAIN_SELF = YES;
				CLANG_WARN_OBJC_LITERAL_CONVERSION = YES;
				CLANG_WARN_OBJC_ROOT_CLASS = YES_ERROR;
				CLANG_WARN_QUOTED_INCLUDE_IN_FRAMEWORK_HEADER = YES;
				CLANG_WARN_RANGE_LOOP_ANALYSIS = YES;
				CLANG_WARN_STRICT_PROTOTYPES = YES;
				CLANG_WARN_SUSPICIOUS_MOVE = YES;
				CLANG_WARN_UNGUARDED_AVAILABILITY = YES_AGGRESSIVE;
				CLANG_WARN_UNREACHABLE_CODE = YES;
				CLANG_WARN__DUPLICATE_METHOD_MATCH = YES;
				COPY_PHASE_STRIP = NO;
				DEBUG_INFORMATION_FORMAT = "dwarf-with-dsym";
				ENABLE_NS_ASSERTIONS = NO;
				ENABLE_STRICT_OBJC_MSGSEND = YES;
				ENABLE_USER_SCRIPT_SANDBOXING = YES;
				GCC_C_LANGUAGE_STANDARD = gnu17;
				GCC_NO_COMMON_BLOCKS = YES;
				GCC_WARN_64_TO_32_BIT_CONVERSION = YES;
				GCC_WARN_ABOUT_RETURN_TYPE = YES_ERROR;
				GCC_WARN_UNDECLARED_SELECTOR = YES;
				GCC_WARN_UNINITIALIZED_AUTOS = YES_AGGRESSIVE;
				GCC_WARN_UNUSED_FUNCTION = YES;
				GCC_WARN_UNUSED_VARIABLE = YES;
				IPHONEOS_DEPLOYMENT_TARGET = 17.0;
				LOCALIZATION_PREFERS_STRING_CATALOGS = YES;
				MTL_ENABLE_DEBUG_INFO = NO;
				MTL_FAST_MATH = YES;
				SDKROOT = iphoneos;
				SWIFT_COMPILATION_MODE = wholemodule;
				VALIDATE_PRODUCT = YES;
			};
			name = Release;
		};
		CE86C34A2B64E7C0000820F3 /* Debug */ = {
			isa = XCBuildConfiguration;
			buildSettings = {
				ASSETCATALOG_COMPILER_APPICON_NAME = AppIcon;
				ASSETCATALOG_COMPILER_GLOBAL_ACCENT_COLOR_NAME = AccentColor;
				CODE_SIGN_STYLE = Automatic;
				CURRENT_PROJECT_VERSION = 1;
				DEVELOPMENT_TEAM = Q9BL3YJ6S3;
				GENERATE_INFOPLIST_FILE = YES;
				INFOPLIST_FILE = Notepad/Info.plist;
				INFOPLIST_KEY_UIApplicationSupportsIndirectInputEvents = YES;
				INFOPLIST_KEY_UILaunchStoryboardName = LaunchScreen;
				INFOPLIST_KEY_UIMainStoryboardFile = Main;
				INFOPLIST_KEY_UISupportedInterfaceOrientations_iPad = "UIInterfaceOrientationPortrait UIInterfaceOrientationPortraitUpsideDown UIInterfaceOrientationLandscapeLeft UIInterfaceOrientationLandscapeRight";
				INFOPLIST_KEY_UISupportedInterfaceOrientations_iPhone = "UIInterfaceOrientationPortrait UIInterfaceOrientationLandscapeLeft UIInterfaceOrientationLandscapeRight";
				LD_RUNPATH_SEARCH_PATHS = (
					"$(inherited)",
					"@executable_path/Frameworks",
				);
				MARKETING_VERSION = 1.0;
				PRODUCT_BUNDLE_IDENTIFIER = HomeWork.Notepad;
				PRODUCT_NAME = "$(TARGET_NAME)";
				SWIFT_EMIT_LOC_STRINGS = YES;
				SWIFT_VERSION = 5.0;
				TARGETED_DEVICE_FAMILY = "1,2";
			};
			name = Debug;
		};
		CE86C34B2B64E7C0000820F3 /* Release */ = {
			isa = XCBuildConfiguration;
			buildSettings = {
				ASSETCATALOG_COMPILER_APPICON_NAME = AppIcon;
				ASSETCATALOG_COMPILER_GLOBAL_ACCENT_COLOR_NAME = AccentColor;
				CODE_SIGN_STYLE = Automatic;
				CURRENT_PROJECT_VERSION = 1;
				DEVELOPMENT_TEAM = Q9BL3YJ6S3;
				GENERATE_INFOPLIST_FILE = YES;
				INFOPLIST_FILE = Notepad/Info.plist;
				INFOPLIST_KEY_UIApplicationSupportsIndirectInputEvents = YES;
				INFOPLIST_KEY_UILaunchStoryboardName = LaunchScreen;
				INFOPLIST_KEY_UIMainStoryboardFile = Main;
				INFOPLIST_KEY_UISupportedInterfaceOrientations_iPad = "UIInterfaceOrientationPortrait UIInterfaceOrientationPortraitUpsideDown UIInterfaceOrientationLandscapeLeft UIInterfaceOrientationLandscapeRight";
				INFOPLIST_KEY_UISupportedInterfaceOrientations_iPhone = "UIInterfaceOrientationPortrait UIInterfaceOrientationLandscapeLeft UIInterfaceOrientationLandscapeRight";
				LD_RUNPATH_SEARCH_PATHS = (
					"$(inherited)",
					"@executable_path/Frameworks",
				);
				MARKETING_VERSION = 1.0;
				PRODUCT_BUNDLE_IDENTIFIER = HomeWork.Notepad;
				PRODUCT_NAME = "$(TARGET_NAME)";
				SWIFT_EMIT_LOC_STRINGS = YES;
				SWIFT_VERSION = 5.0;
				TARGETED_DEVICE_FAMILY = "1,2";
			};
			name = Release;
		};
		CE86C34D2B64E7C0000820F3 /* Debug */ = {
			isa = XCBuildConfiguration;
			buildSettings = {
				ALWAYS_EMBED_SWIFT_STANDARD_LIBRARIES = YES;
				BUNDLE_LOADER = "$(TEST_HOST)";
				CODE_SIGN_STYLE = Automatic;
				CURRENT_PROJECT_VERSION = 1;
				DEVELOPMENT_TEAM = Q9BL3YJ6S3;
				GENERATE_INFOPLIST_FILE = YES;
				IPHONEOS_DEPLOYMENT_TARGET = 17.0;
				MARKETING_VERSION = 1.0;
				PRODUCT_BUNDLE_IDENTIFIER = HomeWork.NotepadTests;
				PRODUCT_NAME = "$(TARGET_NAME)";
				SWIFT_EMIT_LOC_STRINGS = NO;
				SWIFT_VERSION = 5.0;
				TARGETED_DEVICE_FAMILY = "1,2";
				TEST_HOST = "$(BUILT_PRODUCTS_DIR)/Notepad.app/$(BUNDLE_EXECUTABLE_FOLDER_PATH)/Notepad";
			};
			name = Debug;
		};
		CE86C34E2B64E7C0000820F3 /* Release */ = {
			isa = XCBuildConfiguration;
			buildSettings = {
				ALWAYS_EMBED_SWIFT_STANDARD_LIBRARIES = YES;
				BUNDLE_LOADER = "$(TEST_HOST)";
				CODE_SIGN_STYLE = Automatic;
				CURRENT_PROJECT_VERSION = 1;
				DEVELOPMENT_TEAM = Q9BL3YJ6S3;
				GENERATE_INFOPLIST_FILE = YES;
				IPHONEOS_DEPLOYMENT_TARGET = 17.0;
				MARKETING_VERSION = 1.0;
				PRODUCT_BUNDLE_IDENTIFIER = HomeWork.NotepadTests;
				PRODUCT_NAME = "$(TARGET_NAME)";
				SWIFT_EMIT_LOC_STRINGS = NO;
				SWIFT_VERSION = 5.0;
				TARGETED_DEVICE_FAMILY = "1,2";
				TEST_HOST = "$(BUILT_PRODUCTS_DIR)/Notepad.app/$(BUNDLE_EXECUTABLE_FOLDER_PATH)/Notepad";
			};
			name = Release;
		};
		CE86C3502B64E7C0000820F3 /* Debug */ = {
			isa = XCBuildConfiguration;
			buildSettings = {
				ALWAYS_EMBED_SWIFT_STANDARD_LIBRARIES = YES;
				CODE_SIGN_STYLE = Automatic;
				CURRENT_PROJECT_VERSION = 1;
				DEVELOPMENT_TEAM = Q9BL3YJ6S3;
				GENERATE_INFOPLIST_FILE = YES;
				MARKETING_VERSION = 1.0;
				PRODUCT_BUNDLE_IDENTIFIER = HomeWork.NotepadUITests;
				PRODUCT_NAME = "$(TARGET_NAME)";
				SWIFT_EMIT_LOC_STRINGS = NO;
				SWIFT_VERSION = 5.0;
				TARGETED_DEVICE_FAMILY = "1,2";
				TEST_TARGET_NAME = Notepad;
			};
			name = Debug;
		};
		CE86C3512B64E7C0000820F3 /* Release */ = {
			isa = XCBuildConfiguration;
			buildSettings = {
				ALWAYS_EMBED_SWIFT_STANDARD_LIBRARIES = YES;
				CODE_SIGN_STYLE = Automatic;
				CURRENT_PROJECT_VERSION = 1;
				DEVELOPMENT_TEAM = Q9BL3YJ6S3;
				GENERATE_INFOPLIST_FILE = YES;
				MARKETING_VERSION = 1.0;
				PRODUCT_BUNDLE_IDENTIFIER = HomeWork.NotepadUITests;
				PRODUCT_NAME = "$(TARGET_NAME)";
				SWIFT_EMIT_LOC_STRINGS = NO;
				SWIFT_VERSION = 5.0;
				TARGETED_DEVICE_FAMILY = "1,2";
				TEST_TARGET_NAME = Notepad;
			};
			name = Release;
		};
/* End XCBuildConfiguration section */

/* Begin XCConfigurationList section */
		CE86C3172B64E7BA000820F3 /* Build configuration list for PBXProject "Notepad" */ = {
			isa = XCConfigurationList;
			buildConfigurations = (
				CE86C3472B64E7C0000820F3 /* Debug */,
				CE86C3482B64E7C0000820F3 /* Release */,
			);
			defaultConfigurationIsVisible = 0;
			defaultConfigurationName = Release;
		};
		CE86C3492B64E7C0000820F3 /* Build configuration list for PBXNativeTarget "Notepad" */ = {
			isa = XCConfigurationList;
			buildConfigurations = (
				CE86C34A2B64E7C0000820F3 /* Debug */,
				CE86C34B2B64E7C0000820F3 /* Release */,
			);
			defaultConfigurationIsVisible = 0;
			defaultConfigurationName = Release;
		};
		CE86C34C2B64E7C0000820F3 /* Build configuration list for PBXNativeTarget "NotepadTests" */ = {
			isa = XCConfigurationList;
			buildConfigurations = (
				CE86C34D2B64E7C0000820F3 /* Debug */,
				CE86C34E2B64E7C0000820F3 /* Release */,
			);
			defaultConfigurationIsVisible = 0;
			defaultConfigurationName = Release;
		};
		CE86C34F2B64E7C0000820F3 /* Build configuration list for PBXNativeTarget "NotepadUITests" */ = {
			isa = XCConfigurationList;
			buildConfigurations = (
				CE86C3502B64E7C0000820F3 /* Debug */,
				CE86C3512B64E7C0000820F3 /* Release */,
			);
			defaultConfigurationIsVisible = 0;
			defaultConfigurationName = Release;
		};
/* End XCConfigurationList section */

/* Begin XCVersionGroup section */
		CE86C3282B64E7BA000820F3 /* Notepad.xcdatamodeld */ = {
			isa = XCVersionGroup;
			children = (
				CE86C3292B64E7BA000820F3 /* Notepad.xcdatamodel */,
			);
			currentVersion = CE86C3292B64E7BA000820F3 /* Notepad.xcdatamodel */;
			path = Notepad.xcdatamodeld;
			sourceTree = "<group>";
			versionGroupType = wrapper.xcdatamodel;
		};
/* End XCVersionGroup section */
	};
	rootObject = CE86C3142B64E7BA000820F3 /* Project object */;
}
